
Microsoft Visual Studio Solution File, Format Version 12.00
# Visual Studio Version 17
VisualStudioVersion = 17.0.31903.59
MinimumVisualStudioVersion = 10.0.40219.1
Project("{2150E333-8FDC-42A3-9474-1A3956D46DE8}") = "TESTS", "TESTS", "{18F23E36-6A9B-47CD-8409-89ED96FDDD00}"
EndProject
Project("{2150E333-8FDC-42A3-9474-1A3956D46DE8}") = "UnitTests", "UnitTests", "{125CA1BC-A479-4E60-9418-8B0DAFBF2023}"
EndProject
Project("{FAE04EC0-301F-11D3-BF4B-00C04F79EFBC}") = "General.Basics.ReflectionExtended.UnitTests", "TESTS\UnitTests\General.Basics.ReflectionExtended.UnitTests\General.Basics.ReflectionExtended.UnitTests.csproj", "{A5171E82-BADB-4981-B9E1-3E2E8ADC608D}"
EndProject
Project("{FAE04EC0-301F-11D3-BF4B-00C04F79EFBC}") = "General.Basics.Serialization.UnitTests", "TESTS\UnitTests\General.Basics.Serialization.UnitTests\General.Basics.Serialization.UnitTests.csproj", "{CABFADC8-72B8-48D9-97E3-98B4EF641F22}"
EndProject
Project("{FAE04EC0-301F-11D3-BF4B-00C04F79EFBC}") = "General.Basics.Trees.UnitTests", "TESTS\UnitTests\General.Basics.Trees.UnitTests\General.Basics.Trees.UnitTests.csproj", "{54C9E2B3-C4E9-4BBD-94A7-EC5C4097A660}"
EndProject
Project("{FAE04EC0-301F-11D3-BF4B-00C04F79EFBC}") = "General.Basics.UnitTests", "TESTS\UnitTests\General.Basics.UnitTests\General.Basics.UnitTests.csproj", "{572ADA53-CDF6-475B-ADEC-CB4745FD7FC3}"
EndProject
Project("{2150E333-8FDC-42A3-9474-1A3956D46DE8}") = "_SRC", "_SRC", "{5AC22F41-8FF7-40B5-916C-8E71A9F4AFC2}"
EndProject
Project("{FAE04EC0-301F-11D3-BF4B-00C04F79EFBC}") = "General.Basics", "_SRC\General.Basics\General.Basics.csproj", "{6FC73954-9F05-406E-AFF1-1DD9686B63AB}"
EndProject
Project("{FAE04EC0-301F-11D3-BF4B-00C04F79EFBC}") = "General.Basics.ReflectionExtended", "_SRC\General.Basics.ReflectionExtended\General.Basics.ReflectionExtended.csproj", "{30119A83-D900-49B2-BA6D-683EC13AA4E4}"
EndProject
Project("{FAE04EC0-301F-11D3-BF4B-00C04F79EFBC}") = "General.Basics.Serialization", "_SRC\General.Basics.Serialization\General.Basics.Serialization.csproj", "{2A1378F1-6ED4-47B6-BDB3-327ACE115577}"
EndProject
Project("{FAE04EC0-301F-11D3-BF4B-00C04F79EFBC}") = "General.Basics.Trees", "_SRC\General.Basics.Trees\General.Basics.Trees.csproj", "{3E9C7A8A-85BD-4836-A27D-9B0B09811EB0}"
EndProject
Global
	GlobalSection(SolutionConfigurationPlatforms) = preSolution
		Debug|Any CPU = Debug|Any CPU
		Release|Any CPU = Release|Any CPU
	EndGlobalSection
	GlobalSection(SolutionProperties) = preSolution
		HideSolutionNode = FALSE
	EndGlobalSection
	GlobalSection(ProjectConfigurationPlatforms) = postSolution
		{A5171E82-BADB-4981-B9E1-3E2E8ADC608D}.Debug|Any CPU.ActiveCfg = Debug|Any CPU
		{A5171E82-BADB-4981-B9E1-3E2E8ADC608D}.Debug|Any CPU.Build.0 = Debug|Any CPU
		{A5171E82-BADB-4981-B9E1-3E2E8ADC608D}.Release|Any CPU.ActiveCfg = Release|Any CPU
		{A5171E82-BADB-4981-B9E1-3E2E8ADC608D}.Release|Any CPU.Build.0 = Release|Any CPU
		{CABFADC8-72B8-48D9-97E3-98B4EF641F22}.Debug|Any CPU.ActiveCfg = Debug|Any CPU
		{CABFADC8-72B8-48D9-97E3-98B4EF641F22}.Debug|Any CPU.Build.0 = Debug|Any CPU
		{CABFADC8-72B8-48D9-97E3-98B4EF641F22}.Release|Any CPU.ActiveCfg = Release|Any CPU
		{CABFADC8-72B8-48D9-97E3-98B4EF641F22}.Release|Any CPU.Build.0 = Release|Any CPU
		{54C9E2B3-C4E9-4BBD-94A7-EC5C4097A660}.Debug|Any CPU.ActiveCfg = Debug|Any CPU
		{54C9E2B3-C4E9-4BBD-94A7-EC5C4097A660}.Debug|Any CPU.Build.0 = Debug|Any CPU
		{54C9E2B3-C4E9-4BBD-94A7-EC5C4097A660}.Release|Any CPU.ActiveCfg = Release|Any CPU
		{54C9E2B3-C4E9-4BBD-94A7-EC5C4097A660}.Release|Any CPU.Build.0 = Release|Any CPU
		{572ADA53-CDF6-475B-ADEC-CB4745FD7FC3}.Debug|Any CPU.ActiveCfg = Debug|Any CPU
		{572ADA53-CDF6-475B-ADEC-CB4745FD7FC3}.Debug|Any CPU.Build.0 = Debug|Any CPU
		{572ADA53-CDF6-475B-ADEC-CB4745FD7FC3}.Release|Any CPU.ActiveCfg = Release|Any CPU
		{572ADA53-CDF6-475B-ADEC-CB4745FD7FC3}.Release|Any CPU.Build.0 = Release|Any CPU
		{6FC73954-9F05-406E-AFF1-1DD9686B63AB}.Debug|Any CPU.ActiveCfg = Debug|Any CPU
		{6FC73954-9F05-406E-AFF1-1DD9686B63AB}.Debug|Any CPU.Build.0 = Debug|Any CPU
		{6FC73954-9F05-406E-AFF1-1DD9686B63AB}.Release|Any CPU.ActiveCfg = Release|Any CPU
		{6FC73954-9F05-406E-AFF1-1DD9686B63AB}.Release|Any CPU.Build.0 = Release|Any CPU
		{30119A83-D900-49B2-BA6D-683EC13AA4E4}.Debug|Any CPU.ActiveCfg = Debug|Any CPU
		{30119A83-D900-49B2-BA6D-683EC13AA4E4}.Debug|Any CPU.Build.0 = Debug|Any CPU
		{30119A83-D900-49B2-BA6D-683EC13AA4E4}.Release|Any CPU.ActiveCfg = Release|Any CPU
		{30119A83-D900-49B2-BA6D-683EC13AA4E4}.Release|Any CPU.Build.0 = Release|Any CPU
		{2A1378F1-6ED4-47B6-BDB3-327ACE115577}.Debug|Any CPU.ActiveCfg = Debug|Any CPU
		{2A1378F1-6ED4-47B6-BDB3-327ACE115577}.Debug|Any CPU.Build.0 = Debug|Any CPU
		{2A1378F1-6ED4-47B6-BDB3-327ACE115577}.Release|Any CPU.ActiveCfg = Release|Any CPU
		{2A1378F1-6ED4-47B6-BDB3-327ACE115577}.Release|Any CPU.Build.0 = Release|Any CPU
		{3E9C7A8A-85BD-4836-A27D-9B0B09811EB0}.Debug|Any CPU.ActiveCfg = Debug|Any CPU
		{3E9C7A8A-85BD-4836-A27D-9B0B09811EB0}.Debug|Any CPU.Build.0 = Debug|Any CPU
		{3E9C7A8A-85BD-4836-A27D-9B0B09811EB0}.Release|Any CPU.ActiveCfg = Release|Any CPU
		{3E9C7A8A-85BD-4836-A27D-9B0B09811EB0}.Release|Any CPU.Build.0 = Release|Any CPU
	EndGlobalSection
	GlobalSection(NestedProjects) = preSolution
		{125CA1BC-A479-4E60-9418-8B0DAFBF2023} = {18F23E36-6A9B-47CD-8409-89ED96FDDD00}
		{A5171E82-BADB-4981-B9E1-3E2E8ADC608D} = {125CA1BC-A479-4E60-9418-8B0DAFBF2023}
		{CABFADC8-72B8-48D9-97E3-98B4EF641F22} = {125CA1BC-A479-4E60-9418-8B0DAFBF2023}
		{54C9E2B3-C4E9-4BBD-94A7-EC5C4097A660} = {125CA1BC-A479-4E60-9418-8B0DAFBF2023}
		{572ADA53-CDF6-475B-ADEC-CB4745FD7FC3} = {125CA1BC-A479-4E60-9418-8B0DAFBF2023}
		{6FC73954-9F05-406E-AFF1-1DD9686B63AB} = {5AC22F41-8FF7-40B5-916C-8E71A9F4AFC2}
		{30119A83-D900-49B2-BA6D-683EC13AA4E4} = {5AC22F41-8FF7-40B5-916C-8E71A9F4AFC2}
		{2A1378F1-6ED4-47B6-BDB3-327ACE115577} = {5AC22F41-8FF7-40B5-916C-8E71A9F4AFC2}
		{3E9C7A8A-85BD-4836-A27D-9B0B09811EB0} = {5AC22F41-8FF7-40B5-916C-8E71A9F4AFC2}
	EndGlobalSection
EndGlobal
